
Microsoft Visual Studio Solution File, Format Version 12.00
# Visual Studio Version 16
VisualStudioVersion = 16.0.31624.102
MinimumVisualStudioVersion = 10.0.40219.1
Project("{9A19103F-16F7-4668-BE54-9A1E7A4F7556}") = "RoverGeolocation", "RoverGeolocation\RoverGeolocation.csproj", "{B080C9C0-5F15-4E00-8AC5-7529E499956B}"
EndProject
Project("{9A19103F-16F7-4668-BE54-9A1E7A4F7556}") = "Tests", "Tests\Tests.csproj", "{C0B88F2C-3EF1-4FA0-B459-1FD3E55358D7}"
EndProject
Project("{FAE04EC0-301F-11D3-BF4B-00C04F79EFBC}") = "ConsoleClient", "ConsoleClient\ConsoleClient.csproj", "{7CC6B412-3957-4461-9D10-E5A214AC4381}"
EndProject
Global
	GlobalSection(SolutionConfigurationPlatforms) = preSolution
		Debug|Any CPU = Debug|Any CPU
		Release|Any CPU = Release|Any CPU
	EndGlobalSection
	GlobalSection(ProjectConfigurationPlatforms) = postSolution
		{B080C9C0-5F15-4E00-8AC5-7529E499956B}.Debug|Any CPU.ActiveCfg = Debug|Any CPU
		{B080C9C0-5F15-4E00-8AC5-7529E499956B}.Debug|Any CPU.Build.0 = Debug|Any CPU
		{B080C9C0-5F15-4E00-8AC5-7529E499956B}.Release|Any CPU.ActiveCfg = Release|Any CPU
		{B080C9C0-5F15-4E00-8AC5-7529E499956B}.Release|Any CPU.Build.0 = Release|Any CPU
		{C0B88F2C-3EF1-4FA0-B459-1FD3E55358D7}.Debug|Any CPU.ActiveCfg = Debug|Any CPU
		{C0B88F2C-3EF1-4FA0-B459-1FD3E55358D7}.Debug|Any CPU.Build.0 = Debug|Any CPU
		{C0B88F2C-3EF1-4FA0-B459-1FD3E55358D7}.Release|Any CPU.ActiveCfg = Release|Any CPU
		{C0B88F2C-3EF1-4FA0-B459-1FD3E55358D7}.Release|Any CPU.Build.0 = Release|Any CPU
		{7CC6B412-3957-4461-9D10-E5A214AC4381}.Debug|Any CPU.ActiveCfg = Debug|Any CPU
		{7CC6B412-3957-4461-9D10-E5A214AC4381}.Debug|Any CPU.Build.0 = Debug|Any CPU
		{7CC6B412-3957-4461-9D10-E5A214AC4381}.Release|Any CPU.ActiveCfg = Release|Any CPU
		{7CC6B412-3957-4461-9D10-E5A214AC4381}.Release|Any CPU.Build.0 = Release|Any CPU
	EndGlobalSection
	GlobalSection(SolutionProperties) = preSolution
		HideSolutionNode = FALSE
	EndGlobalSection
	GlobalSection(ExtensibilityGlobals) = postSolution
		SolutionGuid = {4A3E59B8-DA83-40F7-8B46-092B6EF277C3}
	EndGlobalSection
EndGlobal
